
Microsoft Visual Studio Solution File, Format Version 12.00
# Visual Studio Version 17
VisualStudioVersion = 17.3.32901.215
MinimumVisualStudioVersion = 10.0.40219.1
Project("{9A19103F-16F7-4668-BE54-9A1E7A4F7556}") = "ConcoleApplication", "ConcoleApplication1\ConcoleApplication.csproj", "{5E4FB402-81E0-4BA1-87F9-7049B0143472}"
EndProject
Project("{9A19103F-16F7-4668-BE54-9A1E7A4F7556}") = "WindowsFormsApplication", "Windows Forms Application\WindowsFormsApplication.csproj", "{67F76037-2EBE-4518-B5DB-F0ACEE4C8FDB}"
EndProject
Global
	GlobalSection(SolutionConfigurationPlatforms) = preSolution
		Debug|Any CPU = Debug|Any CPU
		Release|Any CPU = Release|Any CPU
	EndGlobalSection
	GlobalSection(ProjectConfigurationPlatforms) = postSolution
		{5E4FB402-81E0-4BA1-87F9-7049B0143472}.Debug|Any CPU.ActiveCfg = Debug|Any CPU
		{5E4FB402-81E0-4BA1-87F9-7049B0143472}.Debug|Any CPU.Build.0 = Debug|Any CPU
		{5E4FB402-81E0-4BA1-87F9-7049B0143472}.Release|Any CPU.ActiveCfg = Release|Any CPU
		{5E4FB402-81E0-4BA1-87F9-7049B0143472}.Release|Any CPU.Build.0 = Release|Any CPU
		{67F76037-2EBE-4518-B5DB-F0ACEE4C8FDB}.Debug|Any CPU.ActiveCfg = Debug|Any CPU
		{67F76037-2EBE-4518-B5DB-F0ACEE4C8FDB}.Debug|Any CPU.Build.0 = Debug|Any CPU
		{67F76037-2EBE-4518-B5DB-F0ACEE4C8FDB}.Release|Any CPU.ActiveCfg = Release|Any CPU
		{67F76037-2EBE-4518-B5DB-F0ACEE4C8FDB}.Release|Any CPU.Build.0 = Release|Any CPU
	EndGlobalSection
	GlobalSection(SolutionProperties) = preSolution
		HideSolutionNode = FALSE
	EndGlobalSection
	GlobalSection(ExtensibilityGlobals) = postSolution
		SolutionGuid = {C6C1A474-FA57-483F-A89D-0C3EFB22342D}
	EndGlobalSection
EndGlobal
